
Microsoft Visual Studio Solution File, Format Version 12.00
# Visual Studio 15
Project("{FAE04EC0-301F-11D3-BF4B-00C04F79EFBC}") = "Assembly-CSharp", "Assembly-CSharp.csproj", "{0658773C-97AB-F51B-8991-5EC830C7A4F9}"
EndProject
Project("{FAE04EC0-301F-11D3-BF4B-00C04F79EFBC}") = "NavMeshPlus", "NavMeshPlus.csproj", "{4FC6C4D7-CB61-26CF-513B-0A1F907B3A0F}"
EndProject
Project("{FAE04EC0-301F-11D3-BF4B-00C04F79EFBC}") = "NavMeshPlusEditor", "NavMeshPlusEditor.csproj", "{60763D73-1E9E-E6A3-99FD-971C1C5A5947}"
EndProject
Project("{FAE04EC0-301F-11D3-BF4B-00C04F79EFBC}") = "Assembly-CSharp-Editor", "Assembly-CSharp-Editor.csproj", "{FDF43150-3B7B-97A6-EDD2-1F681F994B15}"
EndProject
Global
	GlobalSection(SolutionConfigurationPlatforms) = preSolution
		Debug|Any CPU = Debug|Any CPU
		Release|Any CPU = Release|Any CPU
	EndGlobalSection
	GlobalSection(ProjectConfigurationPlatforms) = postSolution
		{0658773C-97AB-F51B-8991-5EC830C7A4F9}.Debug|Any CPU.ActiveCfg = Debug|Any CPU
		{0658773C-97AB-F51B-8991-5EC830C7A4F9}.Debug|Any CPU.Build.0 = Debug|Any CPU
		{0658773C-97AB-F51B-8991-5EC830C7A4F9}.Release|Any CPU.ActiveCfg = Release|Any CPU
		{0658773C-97AB-F51B-8991-5EC830C7A4F9}.Release|Any CPU.Build.0 = Release|Any CPU
		{4FC6C4D7-CB61-26CF-513B-0A1F907B3A0F}.Debug|Any CPU.ActiveCfg = Debug|Any CPU
		{4FC6C4D7-CB61-26CF-513B-0A1F907B3A0F}.Debug|Any CPU.Build.0 = Debug|Any CPU
		{4FC6C4D7-CB61-26CF-513B-0A1F907B3A0F}.Release|Any CPU.ActiveCfg = Release|Any CPU
		{4FC6C4D7-CB61-26CF-513B-0A1F907B3A0F}.Release|Any CPU.Build.0 = Release|Any CPU
		{60763D73-1E9E-E6A3-99FD-971C1C5A5947}.Debug|Any CPU.ActiveCfg = Debug|Any CPU
		{60763D73-1E9E-E6A3-99FD-971C1C5A5947}.Debug|Any CPU.Build.0 = Debug|Any CPU
		{60763D73-1E9E-E6A3-99FD-971C1C5A5947}.Release|Any CPU.ActiveCfg = Release|Any CPU
		{60763D73-1E9E-E6A3-99FD-971C1C5A5947}.Release|Any CPU.Build.0 = Release|Any CPU
		{FDF43150-3B7B-97A6-EDD2-1F681F994B15}.Debug|Any CPU.ActiveCfg = Debug|Any CPU
		{FDF43150-3B7B-97A6-EDD2-1F681F994B15}.Debug|Any CPU.Build.0 = Debug|Any CPU
		{FDF43150-3B7B-97A6-EDD2-1F681F994B15}.Release|Any CPU.ActiveCfg = Release|Any CPU
		{FDF43150-3B7B-97A6-EDD2-1F681F994B15}.Release|Any CPU.Build.0 = Release|Any CPU
	EndGlobalSection
	GlobalSection(SolutionProperties) = preSolution
		HideSolutionNode = FALSE
	EndGlobalSection
EndGlobal
